
Microsoft Visual Studio Solution File, Format Version 12.00
# Visual Studio 2012
Project("{FAE04EC0-301F-11D3-BF4B-00C04F79EFBC}") = "ShoppingList", "ShoppingList\ShoppingList.csproj", "{45443A65-3A59-4B7A-A659-D5CECC9E70BE}"
EndProject
Project("{FAE04EC0-301F-11D3-BF4B-00C04F79EFBC}") = "ShoppingList.Tests", "ShoppingList.Tests\ShoppingList.Tests.csproj", "{909E6BE8-5EF0-496D-BB2E-04AB27BF0458}"
EndProject
Global
	GlobalSection(SolutionConfigurationPlatforms) = preSolution
		Debug|Any CPU = Debug|Any CPU
		Release|Any CPU = Release|Any CPU
	EndGlobalSection
	GlobalSection(ProjectConfigurationPlatforms) = postSolution
		{45443A65-3A59-4B7A-A659-D5CECC9E70BE}.Debug|Any CPU.ActiveCfg = Debug|Any CPU
		{45443A65-3A59-4B7A-A659-D5CECC9E70BE}.Debug|Any CPU.Build.0 = Debug|Any CPU
		{45443A65-3A59-4B7A-A659-D5CECC9E70BE}.Release|Any CPU.ActiveCfg = Release|Any CPU
		{45443A65-3A59-4B7A-A659-D5CECC9E70BE}.Release|Any CPU.Build.0 = Release|Any CPU
		{909E6BE8-5EF0-496D-BB2E-04AB27BF0458}.Debug|Any CPU.ActiveCfg = Debug|Any CPU
		{909E6BE8-5EF0-496D-BB2E-04AB27BF0458}.Debug|Any CPU.Build.0 = Debug|Any CPU
		{909E6BE8-5EF0-496D-BB2E-04AB27BF0458}.Release|Any CPU.ActiveCfg = Release|Any CPU
		{909E6BE8-5EF0-496D-BB2E-04AB27BF0458}.Release|Any CPU.Build.0 = Release|Any CPU
	EndGlobalSection
	GlobalSection(SolutionProperties) = preSolution
		HideSolutionNode = FALSE
	EndGlobalSection
EndGlobal
